
Microsoft Visual Studio Solution File, Format Version 12.00
# Visual Studio Version 16
VisualStudioVersion = 16.0.31624.102
MinimumVisualStudioVersion = 10.0.40219.1
Project("{FAE04EC0-301F-11D3-BF4B-00C04F79EFBC}") = "MyClient", "MyClient.csproj", "{9A92C3EF-FB53-415B-959B-2D59B5BBA497}"
EndProject
Project("{FAE04EC0-301F-11D3-BF4B-00C04F79EFBC}") = "myListener", "..\myListener\myListener.csproj", "{9AEC1F91-25EF-47D5-B5FC-8510524EA2D8}"
EndProject
Global
	GlobalSection(SolutionConfigurationPlatforms) = preSolution
		Debug|Any CPU = Debug|Any CPU
		Release|Any CPU = Release|Any CPU
	EndGlobalSection
	GlobalSection(ProjectConfigurationPlatforms) = postSolution
		{9A92C3EF-FB53-415B-959B-2D59B5BBA497}.Debug|Any CPU.ActiveCfg = Debug|Any CPU
		{9A92C3EF-FB53-415B-959B-2D59B5BBA497}.Debug|Any CPU.Build.0 = Debug|Any CPU
		{9A92C3EF-FB53-415B-959B-2D59B5BBA497}.Release|Any CPU.ActiveCfg = Release|Any CPU
		{9A92C3EF-FB53-415B-959B-2D59B5BBA497}.Release|Any CPU.Build.0 = Release|Any CPU
		{9AEC1F91-25EF-47D5-B5FC-8510524EA2D8}.Debug|Any CPU.ActiveCfg = Debug|Any CPU
		{9AEC1F91-25EF-47D5-B5FC-8510524EA2D8}.Debug|Any CPU.Build.0 = Debug|Any CPU
		{9AEC1F91-25EF-47D5-B5FC-8510524EA2D8}.Release|Any CPU.ActiveCfg = Release|Any CPU
		{9AEC1F91-25EF-47D5-B5FC-8510524EA2D8}.Release|Any CPU.Build.0 = Release|Any CPU
	EndGlobalSection
	GlobalSection(SolutionProperties) = preSolution
		HideSolutionNode = FALSE
	EndGlobalSection
	GlobalSection(ExtensibilityGlobals) = postSolution
		SolutionGuid = {6AE3CA09-0355-4E92-B626-08A9BFB617C7}
	EndGlobalSection
EndGlobal
